{
  "version": 4,
  "terraform_version": "1.6.0",
  "serial": 12,
  "lineage": "a1b2c3d4-e5f6-7890-abcd-ef1234567890",
  "outputs": {},
  "resources": [
    {
      "mode": "managed",
      "type": "aws_instance",
      "name": "web_server",
      "provider": "provider[\"registry.terraform.io/hashicorp/aws\"]",
      "instances": [
        {
          "schema_version": 1,
          "attributes": {
            "id": "i-0abc123def456789a",
            "ami": "ami-0c55b159cbfafe1f0",
            "instance_type": "t3.micro",
            "subnet_id": "subnet-0123456789abcdef0",
            "vpc_id": "vpc-0abc123def456789a",
            "key_name": "my-keypair",
            "availability_zone": "us-east-1a",
            "private_ip": "10.0.1.100",
            "public_ip": "",
            "ebs_optimized": false,
            "monitoring": "disabled",
            "tags": {
              "Name": "web-server",
              "Environment": "production",
              "Team": "platform"
            }
          }
        }
      ]
    },
    {
      "mode": "managed",
      "type": "aws_s3_bucket",
      "name": "assets",
      "provider": "provider[\"registry.terraform.io/hashicorp/aws\"]",
      "instances": [
        {
          "schema_version": 0,
          "attributes": {
            "id": "my-app-assets-prod",
            "bucket": "my-app-assets-prod",
            "region": "us-east-1",
            "versioning_enabled": false,
            "tags": {
              "Environment": "production",
              "Team": "platform"
            }
          }
        }
      ]
    },
    {
      "mode": "managed",
      "type": "aws_security_group",
      "name": "web_sg",
      "provider": "provider[\"registry.terraform.io/hashicorp/aws\"]",
      "instances": [
        {
          "schema_version": 1,
          "attributes": {
            "id": "sg-0abc123def456789a",
            "name": "web-sg",
            "description": "Web server security group",
            "vpc_id": "vpc-0abc123def456789a",
            "tags": {
              "Name": "web-sg",
              "Environment": "production"
            }
          }
        }
      ]
    },
    {
      "mode": "managed",
      "type": "aws_iam_role",
      "name": "lambda_exec",
      "provider": "provider[\"registry.terraform.io/hashicorp/aws\"]",
      "instances": [
        {
          "schema_version": 0,
          "attributes": {
            "id": "lambda-exec-role",
            "name": "lambda-exec-role",
            "description": "Execution role for Lambda functions",
            "path": "/",
            "max_session_duration": 3600,
            "tags": {
              "Team": "platform"
            }
          }
        }
      ]
    },
    {
      "mode": "managed",
      "type": "aws_lambda_function",
      "name": "api_handler",
      "provider": "provider[\"registry.terraform.io/hashicorp/aws\"]",
      "instances": [
        {
          "schema_version": 0,
          "attributes": {
            "id": "arn:aws:lambda:us-east-1:123456789012:function:api-handler",
            "function_name": "api-handler",
            "runtime": "python3.11",
            "handler": "main.handler",
            "memory_size": 256,
            "timeout": 30,
            "description": "Main API handler",
            "tags": {
              "Environment": "production",
              "Team": "backend"
            }
          }
        }
      ]
    }
  ]
}
